
Microsoft Visual Studio Solution File, Format Version 12.00
# Visual Studio Version 17
VisualStudioVersion = 17.7.34202.233
MinimumVisualStudioVersion = 10.0.40219.1
Project("{FAE04EC0-301F-11D3-BF4B-00C04F79EFBC}") = "Teht1_Book", "Teht1_Book\Teht1_Book.csproj", "{CCD951D5-712F-42DD-B21A-025C79DADBEE}"
EndProject
Global
	GlobalSection(SolutionConfigurationPlatforms) = preSolution
		Debug|Any CPU = Debug|Any CPU
		Release|Any CPU = Release|Any CPU
	EndGlobalSection
	GlobalSection(ProjectConfigurationPlatforms) = postSolution
		{CCD951D5-712F-42DD-B21A-025C79DADBEE}.Debug|Any CPU.ActiveCfg = Debug|Any CPU
		{CCD951D5-712F-42DD-B21A-025C79DADBEE}.Debug|Any CPU.Build.0 = Debug|Any CPU
		{CCD951D5-712F-42DD-B21A-025C79DADBEE}.Release|Any CPU.ActiveCfg = Release|Any CPU
		{CCD951D5-712F-42DD-B21A-025C79DADBEE}.Release|Any CPU.Build.0 = Release|Any CPU
	EndGlobalSection
	GlobalSection(SolutionProperties) = preSolution
		HideSolutionNode = FALSE
	EndGlobalSection
	GlobalSection(ExtensibilityGlobals) = postSolution
		SolutionGuid = {AF6069E2-1B81-4EEE-91A9-755ECAA817C1}
	EndGlobalSection
EndGlobal
